
Microsoft Visual Studio Solution File, Format Version 12.00
# Visual Studio Version 16
VisualStudioVersion = 25.0.1706.1
MinimumVisualStudioVersion = 10.0.40219.1
Project("{FAE04EC0-301F-11D3-BF4B-00C04F79EFBC}") = "RadivojeBjelic_DeltaDrive_Delta", "RadivojeBjelic_DeltaDrive_Delta\RadivojeBjelic_DeltaDrive_Delta.csproj", "{8AF1FBB9-8C4E-40D2-9832-EB4F248C639C}"
EndProject
Global
	GlobalSection(SolutionConfigurationPlatforms) = preSolution
		Debug|Any CPU = Debug|Any CPU
		Release|Any CPU = Release|Any CPU
	EndGlobalSection
	GlobalSection(ProjectConfigurationPlatforms) = postSolution
		{8AF1FBB9-8C4E-40D2-9832-EB4F248C639C}.Debug|Any CPU.ActiveCfg = Debug|Any CPU
		{8AF1FBB9-8C4E-40D2-9832-EB4F248C639C}.Debug|Any CPU.Build.0 = Debug|Any CPU
		{8AF1FBB9-8C4E-40D2-9832-EB4F248C639C}.Release|Any CPU.ActiveCfg = Release|Any CPU
		{8AF1FBB9-8C4E-40D2-9832-EB4F248C639C}.Release|Any CPU.Build.0 = Release|Any CPU
	EndGlobalSection
	GlobalSection(SolutionProperties) = preSolution
		HideSolutionNode = FALSE
	EndGlobalSection
	GlobalSection(ExtensibilityGlobals) = postSolution
		SolutionGuid = {8FCABD00-380F-4440-BD61-024230E4E579}
	EndGlobalSection
EndGlobal
